
Microsoft Visual Studio Solution File, Format Version 12.00
# Visual Studio Version 17
VisualStudioVersion = 17.0.31903.59
MinimumVisualStudioVersion = 10.0.40219.1
Project("{2150E333-8FDC-42A3-9474-1A3956D46DE8}") = "src", "src", "{827E0CD3-B72D-47B6-A68D-7590B98EB39B}"
EndProject
Project("{2150E333-8FDC-42A3-9474-1A3956D46DE8}") = "Services", "Services", "{984BB9B3-3FA3-BE33-9484-CAC21695A33C}"
EndProject
Project("{2150E333-8FDC-42A3-9474-1A3956D46DE8}") = "Insurance", "Insurance", "{7141588F-CCB5-326E-12A9-9FE7F3316E3D}"
EndProject
Project("{FAE04EC0-301F-11D3-BF4B-00C04F79EFBC}") = "Insurance.Application", "src\Services\Insurance\Insurance.Application\Insurance.Application.csproj", "{27719F96-68E6-4FD4-A74F-D14561F14215}"
EndProject
Project("{FAE04EC0-301F-11D3-BF4B-00C04F79EFBC}") = "Insurance.Domain", "src\Services\Insurance\Insurance.Domain\Insurance.Domain.csproj", "{DB7CD3EE-DEC1-4035-A0AE-50D1ECBDAC7E}"
EndProject
Project("{FAE04EC0-301F-11D3-BF4B-00C04F79EFBC}") = "Insurance.Infrastructure", "src\Services\Insurance\Insurance.Infrastructure\Insurance.Infrastructure.csproj", "{5C8FFA19-06DC-4265-899A-BEC174C93D0B}"
EndProject
Project("{2150E333-8FDC-42A3-9474-1A3956D46DE8}") = "Vehicle", "Vehicle", "{612CB5A4-A17F-1BE0-43EE-62D1DE377569}"
EndProject
Project("{FAE04EC0-301F-11D3-BF4B-00C04F79EFBC}") = "Vehicle.Api", "src\Services\Vehicle\Vehicle.Api\Vehicle.Api.csproj", "{96B99F16-6ED1-450E-B79A-46C5A7EDBA92}"
EndProject
Project("{FAE04EC0-301F-11D3-BF4B-00C04F79EFBC}") = "Vehicle.Application", "src\Services\Vehicle\Vehicle.Application\Vehicle.Application.csproj", "{E158E155-BAE9-40D0-B5BD-0A2AD84662D8}"
EndProject
Project("{FAE04EC0-301F-11D3-BF4B-00C04F79EFBC}") = "Vehicle.Domain", "src\Services\Vehicle\Vehicle.Domain\Vehicle.Domain.csproj", "{79629D61-D28B-4E74-A871-F4E741F8F498}"
EndProject
Project("{FAE04EC0-301F-11D3-BF4B-00C04F79EFBC}") = "Vehicle.Infrastructure", "src\Services\Vehicle\Vehicle.Infrastructure\Vehicle.Infrastructure.csproj", "{6A1CFB9B-6E73-4DCE-AE6A-5ED35231D18F}"
EndProject
Project("{2150E333-8FDC-42A3-9474-1A3956D46DE8}") = "Shared", "Shared", "{C8E42992-5E42-0C2B-DBFE-AA848D06431C}"
EndProject
Project("{FAE04EC0-301F-11D3-BF4B-00C04F79EFBC}") = "ThreadPilot.Common", "src\Shared\ThreadPilot.Common\ThreadPilot.Common.csproj", "{429D77C3-68F7-4543-855E-28D4BEED0E5B}"
EndProject
Project("{2150E333-8FDC-42A3-9474-1A3956D46DE8}") = "tests", "tests", "{0AB3BF05-4346-4AA6-1389-037BE0695223}"
EndProject
Project("{2150E333-8FDC-42A3-9474-1A3956D46DE8}") = "Insurance.Tests", "Insurance.Tests", "{AAAE483B-6E4B-59BA-3B90-63B50DACB559}"
EndProject
Project("{FAE04EC0-301F-11D3-BF4B-00C04F79EFBC}") = "Insurance.UnitTests", "tests\Insurance.Tests\Insurance.UnitTests\Insurance.UnitTests.csproj", "{359367BF-E91A-4C8B-BCB8-A53E5FB4BAA5}"
EndProject
Project("{FAE04EC0-301F-11D3-BF4B-00C04F79EFBC}") = "Insurance.IntegrationTests", "tests\Insurance.Tests\Insurance.IntegrationTests\Insurance.IntegrationTests.csproj", "{3430958E-5E7D-4C8D-B583-D20D5215F930}"
EndProject
Project("{2150E333-8FDC-42A3-9474-1A3956D46DE8}") = "Vehicle.Tests", "Vehicle.Tests", "{431B15A2-B401-ECE0-8EC8-F4AB42EA5125}"
EndProject
Project("{FAE04EC0-301F-11D3-BF4B-00C04F79EFBC}") = "Vehicle.IntegrationTests", "tests\Vehicle.Tests\Vehicle.IntegrationTests\Vehicle.IntegrationTests.csproj", "{2E70C546-E892-4977-B261-419821C5ED03}"
EndProject
Project("{FAE04EC0-301F-11D3-BF4B-00C04F79EFBC}") = "Vehicle.UnitTests", "tests\Vehicle.Tests\Vehicle.UnitTests\Vehicle.UnitTests.csproj", "{5747F0ED-14ED-4428-898E-99FC56F8FF72}"
EndProject
Project("{2150E333-8FDC-42A3-9474-1A3956D46DE8}") = "Solution Items", "Solution Items", "{02EA681E-C7D8-13C7-8484-4AC65E1B71E8}"
	ProjectSection(SolutionItems) = preProject
		.gitignore = .gitignore
		Directory.Packages.props = Directory.Packages.props
		docker-compose.yml = docker-compose.yml
		README.md = README.md
		.github\workflows\build-and-test.yml = .github\workflows\build-and-test.yml
	EndProjectSection
EndProject
Project("{FAE04EC0-301F-11D3-BF4B-00C04F79EFBC}") = "Insurance.Contracts", "src\Services\Insurance\Insurance.Contracts\Insurance.Contracts.csproj", "{E7AF887A-B013-4048-B5C0-B9476B63BFCF}"
EndProject
Project("{FAE04EC0-301F-11D3-BF4B-00C04F79EFBC}") = "Vehicle.Contracts", "src\Services\Vehicle\Vehicle.Contracts\Vehicle.Contracts.csproj", "{46566CBA-66A0-44ED-A8CA-751F5AD0156B}"
EndProject
Project("{2150E333-8FDC-42A3-9474-1A3956D46DE8}") = "docker", "docker", "{5F3F916C-0321-8A9F-8AC0-501F442D9F72}"
	ProjectSection(SolutionItems) = preProject
		docker\Insurance.Api.Dockerfile = docker\Insurance.Api.Dockerfile
		docker\Vehicle.Api.Dockerfile = docker\Vehicle.Api.Dockerfile
	EndProjectSection
EndProject
Project("{FAE04EC0-301F-11D3-BF4B-00C04F79EFBC}") = "Insurance.Api", "src\Services\Insurance\Insurance.Api\Insurance.Api.csproj", "{D8989B31-6C5B-43CC-BE49-EE35101D0F06}"
EndProject
Global
	GlobalSection(SolutionConfigurationPlatforms) = preSolution
		Debug|Any CPU = Debug|Any CPU
		Debug|x64 = Debug|x64
		Debug|x86 = Debug|x86
		Release|Any CPU = Release|Any CPU
		Release|x64 = Release|x64
		Release|x86 = Release|x86
	EndGlobalSection
	GlobalSection(ProjectConfigurationPlatforms) = postSolution
		{27719F96-68E6-4FD4-A74F-D14561F14215}.Debug|Any CPU.ActiveCfg = Debug|Any CPU
		{27719F96-68E6-4FD4-A74F-D14561F14215}.Debug|Any CPU.Build.0 = Debug|Any CPU
		{27719F96-68E6-4FD4-A74F-D14561F14215}.Debug|x64.ActiveCfg = Debug|Any CPU
		{27719F96-68E6-4FD4-A74F-D14561F14215}.Debug|x64.Build.0 = Debug|Any CPU
		{27719F96-68E6-4FD4-A74F-D14561F14215}.Debug|x86.ActiveCfg = Debug|Any CPU
		{27719F96-68E6-4FD4-A74F-D14561F14215}.Debug|x86.Build.0 = Debug|Any CPU
		{27719F96-68E6-4FD4-A74F-D14561F14215}.Release|Any CPU.ActiveCfg = Release|Any CPU
		{27719F96-68E6-4FD4-A74F-D14561F14215}.Release|Any CPU.Build.0 = Release|Any CPU
		{27719F96-68E6-4FD4-A74F-D14561F14215}.Release|x64.ActiveCfg = Release|Any CPU
		{27719F96-68E6-4FD4-A74F-D14561F14215}.Release|x64.Build.0 = Release|Any CPU
		{27719F96-68E6-4FD4-A74F-D14561F14215}.Release|x86.ActiveCfg = Release|Any CPU
		{27719F96-68E6-4FD4-A74F-D14561F14215}.Release|x86.Build.0 = Release|Any CPU
		{DB7CD3EE-DEC1-4035-A0AE-50D1ECBDAC7E}.Debug|Any CPU.ActiveCfg = Debug|Any CPU
		{DB7CD3EE-DEC1-4035-A0AE-50D1ECBDAC7E}.Debug|Any CPU.Build.0 = Debug|Any CPU
		{DB7CD3EE-DEC1-4035-A0AE-50D1ECBDAC7E}.Debug|x64.ActiveCfg = Debug|Any CPU
		{DB7CD3EE-DEC1-4035-A0AE-50D1ECBDAC7E}.Debug|x64.Build.0 = Debug|Any CPU
		{DB7CD3EE-DEC1-4035-A0AE-50D1ECBDAC7E}.Debug|x86.ActiveCfg = Debug|Any CPU
		{DB7CD3EE-DEC1-4035-A0AE-50D1ECBDAC7E}.Debug|x86.Build.0 = Debug|Any CPU
		{DB7CD3EE-DEC1-4035-A0AE-50D1ECBDAC7E}.Release|Any CPU.ActiveCfg = Release|Any CPU
		{DB7CD3EE-DEC1-4035-A0AE-50D1ECBDAC7E}.Release|Any CPU.Build.0 = Release|Any CPU
		{DB7CD3EE-DEC1-4035-A0AE-50D1ECBDAC7E}.Release|x64.ActiveCfg = Release|Any CPU
		{DB7CD3EE-DEC1-4035-A0AE-50D1ECBDAC7E}.Release|x64.Build.0 = Release|Any CPU
		{DB7CD3EE-DEC1-4035-A0AE-50D1ECBDAC7E}.Release|x86.ActiveCfg = Release|Any CPU
		{DB7CD3EE-DEC1-4035-A0AE-50D1ECBDAC7E}.Release|x86.Build.0 = Release|Any CPU
		{5C8FFA19-06DC-4265-899A-BEC174C93D0B}.Debug|Any CPU.ActiveCfg = Debug|Any CPU
		{5C8FFA19-06DC-4265-899A-BEC174C93D0B}.Debug|Any CPU.Build.0 = Debug|Any CPU
		{5C8FFA19-06DC-4265-899A-BEC174C93D0B}.Debug|x64.ActiveCfg = Debug|Any CPU
		{5C8FFA19-06DC-4265-899A-BEC174C93D0B}.Debug|x64.Build.0 = Debug|Any CPU
		{5C8FFA19-06DC-4265-899A-BEC174C93D0B}.Debug|x86.ActiveCfg = Debug|Any CPU
		{5C8FFA19-06DC-4265-899A-BEC174C93D0B}.Debug|x86.Build.0 = Debug|Any CPU
		{5C8FFA19-06DC-4265-899A-BEC174C93D0B}.Release|Any CPU.ActiveCfg = Release|Any CPU
		{5C8FFA19-06DC-4265-899A-BEC174C93D0B}.Release|Any CPU.Build.0 = Release|Any CPU
		{5C8FFA19-06DC-4265-899A-BEC174C93D0B}.Release|x64.ActiveCfg = Release|Any CPU
		{5C8FFA19-06DC-4265-899A-BEC174C93D0B}.Release|x64.Build.0 = Release|Any CPU
		{5C8FFA19-06DC-4265-899A-BEC174C93D0B}.Release|x86.ActiveCfg = Release|Any CPU
		{5C8FFA19-06DC-4265-899A-BEC174C93D0B}.Release|x86.Build.0 = Release|Any CPU
		{96B99F16-6ED1-450E-B79A-46C5A7EDBA92}.Debug|Any CPU.ActiveCfg = Debug|Any CPU
		{96B99F16-6ED1-450E-B79A-46C5A7EDBA92}.Debug|Any CPU.Build.0 = Debug|Any CPU
		{96B99F16-6ED1-450E-B79A-46C5A7EDBA92}.Debug|x64.ActiveCfg = Debug|Any CPU
		{96B99F16-6ED1-450E-B79A-46C5A7EDBA92}.Debug|x64.Build.0 = Debug|Any CPU
		{96B99F16-6ED1-450E-B79A-46C5A7EDBA92}.Debug|x86.ActiveCfg = Debug|Any CPU
		{96B99F16-6ED1-450E-B79A-46C5A7EDBA92}.Debug|x86.Build.0 = Debug|Any CPU
		{96B99F16-6ED1-450E-B79A-46C5A7EDBA92}.Release|Any CPU.ActiveCfg = Release|Any CPU
		{96B99F16-6ED1-450E-B79A-46C5A7EDBA92}.Release|Any CPU.Build.0 = Release|Any CPU
		{96B99F16-6ED1-450E-B79A-46C5A7EDBA92}.Release|x64.ActiveCfg = Release|Any CPU
		{96B99F16-6ED1-450E-B79A-46C5A7EDBA92}.Release|x64.Build.0 = Release|Any CPU
		{96B99F16-6ED1-450E-B79A-46C5A7EDBA92}.Release|x86.ActiveCfg = Release|Any CPU
		{96B99F16-6ED1-450E-B79A-46C5A7EDBA92}.Release|x86.Build.0 = Release|Any CPU
		{E158E155-BAE9-40D0-B5BD-0A2AD84662D8}.Debug|Any CPU.ActiveCfg = Debug|Any CPU
		{E158E155-BAE9-40D0-B5BD-0A2AD84662D8}.Debug|Any CPU.Build.0 = Debug|Any CPU
		{E158E155-BAE9-40D0-B5BD-0A2AD84662D8}.Debug|x64.ActiveCfg = Debug|Any CPU
		{E158E155-BAE9-40D0-B5BD-0A2AD84662D8}.Debug|x64.Build.0 = Debug|Any CPU
		{E158E155-BAE9-40D0-B5BD-0A2AD84662D8}.Debug|x86.ActiveCfg = Debug|Any CPU
		{E158E155-BAE9-40D0-B5BD-0A2AD84662D8}.Debug|x86.Build.0 = Debug|Any CPU
		{E158E155-BAE9-40D0-B5BD-0A2AD84662D8}.Release|Any CPU.ActiveCfg = Release|Any CPU
		{E158E155-BAE9-40D0-B5BD-0A2AD84662D8}.Release|Any CPU.Build.0 = Release|Any CPU
		{E158E155-BAE9-40D0-B5BD-0A2AD84662D8}.Release|x64.ActiveCfg = Release|Any CPU
		{E158E155-BAE9-40D0-B5BD-0A2AD84662D8}.Release|x64.Build.0 = Release|Any CPU
		{E158E155-BAE9-40D0-B5BD-0A2AD84662D8}.Release|x86.ActiveCfg = Release|Any CPU
		{E158E155-BAE9-40D0-B5BD-0A2AD84662D8}.Release|x86.Build.0 = Release|Any CPU
		{79629D61-D28B-4E74-A871-F4E741F8F498}.Debug|Any CPU.ActiveCfg = Debug|Any CPU
		{79629D61-D28B-4E74-A871-F4E741F8F498}.Debug|Any CPU.Build.0 = Debug|Any CPU
		{79629D61-D28B-4E74-A871-F4E741F8F498}.Debug|x64.ActiveCfg = Debug|Any CPU
		{79629D61-D28B-4E74-A871-F4E741F8F498}.Debug|x64.Build.0 = Debug|Any CPU
		{79629D61-D28B-4E74-A871-F4E741F8F498}.Debug|x86.ActiveCfg = Debug|Any CPU
		{79629D61-D28B-4E74-A871-F4E741F8F498}.Debug|x86.Build.0 = Debug|Any CPU
		{79629D61-D28B-4E74-A871-F4E741F8F498}.Release|Any CPU.ActiveCfg = Release|Any CPU
		{79629D61-D28B-4E74-A871-F4E741F8F498}.Release|Any CPU.Build.0 = Release|Any CPU
		{79629D61-D28B-4E74-A871-F4E741F8F498}.Release|x64.ActiveCfg = Release|Any CPU
		{79629D61-D28B-4E74-A871-F4E741F8F498}.Release|x64.Build.0 = Release|Any CPU
		{79629D61-D28B-4E74-A871-F4E741F8F498}.Release|x86.ActiveCfg = Release|Any CPU
		{79629D61-D28B-4E74-A871-F4E741F8F498}.Release|x86.Build.0 = Release|Any CPU
		{6A1CFB9B-6E73-4DCE-AE6A-5ED35231D18F}.Debug|Any CPU.ActiveCfg = Debug|Any CPU
		{6A1CFB9B-6E73-4DCE-AE6A-5ED35231D18F}.Debug|Any CPU.Build.0 = Debug|Any CPU
		{6A1CFB9B-6E73-4DCE-AE6A-5ED35231D18F}.Debug|x64.ActiveCfg = Debug|Any CPU
		{6A1CFB9B-6E73-4DCE-AE6A-5ED35231D18F}.Debug|x64.Build.0 = Debug|Any CPU
		{6A1CFB9B-6E73-4DCE-AE6A-5ED35231D18F}.Debug|x86.ActiveCfg = Debug|Any CPU
		{6A1CFB9B-6E73-4DCE-AE6A-5ED35231D18F}.Debug|x86.Build.0 = Debug|Any CPU
		{6A1CFB9B-6E73-4DCE-AE6A-5ED35231D18F}.Release|Any CPU.ActiveCfg = Release|Any CPU
		{6A1CFB9B-6E73-4DCE-AE6A-5ED35231D18F}.Release|Any CPU.Build.0 = Release|Any CPU
		{6A1CFB9B-6E73-4DCE-AE6A-5ED35231D18F}.Release|x64.ActiveCfg = Release|Any CPU
		{6A1CFB9B-6E73-4DCE-AE6A-5ED35231D18F}.Release|x64.Build.0 = Release|Any CPU
		{6A1CFB9B-6E73-4DCE-AE6A-5ED35231D18F}.Release|x86.ActiveCfg = Release|Any CPU
		{6A1CFB9B-6E73-4DCE-AE6A-5ED35231D18F}.Release|x86.Build.0 = Release|Any CPU
		{429D77C3-68F7-4543-855E-28D4BEED0E5B}.Debug|Any CPU.ActiveCfg = Debug|Any CPU
		{429D77C3-68F7-4543-855E-28D4BEED0E5B}.Debug|Any CPU.Build.0 = Debug|Any CPU
		{429D77C3-68F7-4543-855E-28D4BEED0E5B}.Debug|x64.ActiveCfg = Debug|Any CPU
		{429D77C3-68F7-4543-855E-28D4BEED0E5B}.Debug|x64.Build.0 = Debug|Any CPU
		{429D77C3-68F7-4543-855E-28D4BEED0E5B}.Debug|x86.ActiveCfg = Debug|Any CPU
		{429D77C3-68F7-4543-855E-28D4BEED0E5B}.Debug|x86.Build.0 = Debug|Any CPU
		{429D77C3-68F7-4543-855E-28D4BEED0E5B}.Release|Any CPU.ActiveCfg = Release|Any CPU
		{429D77C3-68F7-4543-855E-28D4BEED0E5B}.Release|Any CPU.Build.0 = Release|Any CPU
		{429D77C3-68F7-4543-855E-28D4BEED0E5B}.Release|x64.ActiveCfg = Release|Any CPU
		{429D77C3-68F7-4543-855E-28D4BEED0E5B}.Release|x64.Build.0 = Release|Any CPU
		{429D77C3-68F7-4543-855E-28D4BEED0E5B}.Release|x86.ActiveCfg = Release|Any CPU
		{429D77C3-68F7-4543-855E-28D4BEED0E5B}.Release|x86.Build.0 = Release|Any CPU
		{359367BF-E91A-4C8B-BCB8-A53E5FB4BAA5}.Debug|Any CPU.ActiveCfg = Debug|Any CPU
		{359367BF-E91A-4C8B-BCB8-A53E5FB4BAA5}.Debug|Any CPU.Build.0 = Debug|Any CPU
		{359367BF-E91A-4C8B-BCB8-A53E5FB4BAA5}.Debug|x64.ActiveCfg = Debug|Any CPU
		{359367BF-E91A-4C8B-BCB8-A53E5FB4BAA5}.Debug|x64.Build.0 = Debug|Any CPU
		{359367BF-E91A-4C8B-BCB8-A53E5FB4BAA5}.Debug|x86.ActiveCfg = Debug|Any CPU
		{359367BF-E91A-4C8B-BCB8-A53E5FB4BAA5}.Debug|x86.Build.0 = Debug|Any CPU
		{359367BF-E91A-4C8B-BCB8-A53E5FB4BAA5}.Release|Any CPU.ActiveCfg = Release|Any CPU
		{359367BF-E91A-4C8B-BCB8-A53E5FB4BAA5}.Release|Any CPU.Build.0 = Release|Any CPU
		{359367BF-E91A-4C8B-BCB8-A53E5FB4BAA5}.Release|x64.ActiveCfg = Release|Any CPU
		{359367BF-E91A-4C8B-BCB8-A53E5FB4BAA5}.Release|x64.Build.0 = Release|Any CPU
		{359367BF-E91A-4C8B-BCB8-A53E5FB4BAA5}.Release|x86.ActiveCfg = Release|Any CPU
		{359367BF-E91A-4C8B-BCB8-A53E5FB4BAA5}.Release|x86.Build.0 = Release|Any CPU
		{3430958E-5E7D-4C8D-B583-D20D5215F930}.Debug|Any CPU.ActiveCfg = Debug|Any CPU
		{3430958E-5E7D-4C8D-B583-D20D5215F930}.Debug|Any CPU.Build.0 = Debug|Any CPU
		{3430958E-5E7D-4C8D-B583-D20D5215F930}.Debug|x64.ActiveCfg = Debug|Any CPU
		{3430958E-5E7D-4C8D-B583-D20D5215F930}.Debug|x64.Build.0 = Debug|Any CPU
		{3430958E-5E7D-4C8D-B583-D20D5215F930}.Debug|x86.ActiveCfg = Debug|Any CPU
		{3430958E-5E7D-4C8D-B583-D20D5215F930}.Debug|x86.Build.0 = Debug|Any CPU
		{3430958E-5E7D-4C8D-B583-D20D5215F930}.Release|Any CPU.ActiveCfg = Release|Any CPU
		{3430958E-5E7D-4C8D-B583-D20D5215F930}.Release|Any CPU.Build.0 = Release|Any CPU
		{3430958E-5E7D-4C8D-B583-D20D5215F930}.Release|x64.ActiveCfg = Release|Any CPU
		{3430958E-5E7D-4C8D-B583-D20D5215F930}.Release|x64.Build.0 = Release|Any CPU
		{3430958E-5E7D-4C8D-B583-D20D5215F930}.Release|x86.ActiveCfg = Release|Any CPU
		{3430958E-5E7D-4C8D-B583-D20D5215F930}.Release|x86.Build.0 = Release|Any CPU
		{2E70C546-E892-4977-B261-419821C5ED03}.Debug|Any CPU.ActiveCfg = Debug|Any CPU
		{2E70C546-E892-4977-B261-419821C5ED03}.Debug|Any CPU.Build.0 = Debug|Any CPU
		{2E70C546-E892-4977-B261-419821C5ED03}.Debug|x64.ActiveCfg = Debug|Any CPU
		{2E70C546-E892-4977-B261-419821C5ED03}.Debug|x64.Build.0 = Debug|Any CPU
		{2E70C546-E892-4977-B261-419821C5ED03}.Debug|x86.ActiveCfg = Debug|Any CPU
		{2E70C546-E892-4977-B261-419821C5ED03}.Debug|x86.Build.0 = Debug|Any CPU
		{2E70C546-E892-4977-B261-419821C5ED03}.Release|Any CPU.ActiveCfg = Release|Any CPU
		{2E70C546-E892-4977-B261-419821C5ED03}.Release|Any CPU.Build.0 = Release|Any CPU
		{2E70C546-E892-4977-B261-419821C5ED03}.Release|x64.ActiveCfg = Release|Any CPU
		{2E70C546-E892-4977-B261-419821C5ED03}.Release|x64.Build.0 = Release|Any CPU
		{2E70C546-E892-4977-B261-419821C5ED03}.Release|x86.ActiveCfg = Release|Any CPU
		{2E70C546-E892-4977-B261-419821C5ED03}.Release|x86.Build.0 = Release|Any CPU
		{5747F0ED-14ED-4428-898E-99FC56F8FF72}.Debug|Any CPU.ActiveCfg = Debug|Any CPU
		{5747F0ED-14ED-4428-898E-99FC56F8FF72}.Debug|Any CPU.Build.0 = Debug|Any CPU
		{5747F0ED-14ED-4428-898E-99FC56F8FF72}.Debug|x64.ActiveCfg = Debug|Any CPU
		{5747F0ED-14ED-4428-898E-99FC56F8FF72}.Debug|x64.Build.0 = Debug|Any CPU
		{5747F0ED-14ED-4428-898E-99FC56F8FF72}.Debug|x86.ActiveCfg = Debug|Any CPU
		{5747F0ED-14ED-4428-898E-99FC56F8FF72}.Debug|x86.Build.0 = Debug|Any CPU
		{5747F0ED-14ED-4428-898E-99FC56F8FF72}.Release|Any CPU.ActiveCfg = Release|Any CPU
		{5747F0ED-14ED-4428-898E-99FC56F8FF72}.Release|Any CPU.Build.0 = Release|Any CPU
		{5747F0ED-14ED-4428-898E-99FC56F8FF72}.Release|x64.ActiveCfg = Release|Any CPU
		{5747F0ED-14ED-4428-898E-99FC56F8FF72}.Release|x64.Build.0 = Release|Any CPU
		{5747F0ED-14ED-4428-898E-99FC56F8FF72}.Release|x86.ActiveCfg = Release|Any CPU
		{5747F0ED-14ED-4428-898E-99FC56F8FF72}.Release|x86.Build.0 = Release|Any CPU
		{E7AF887A-B013-4048-B5C0-B9476B63BFCF}.Debug|Any CPU.ActiveCfg = Debug|Any CPU
		{E7AF887A-B013-4048-B5C0-B9476B63BFCF}.Debug|Any CPU.Build.0 = Debug|Any CPU
		{E7AF887A-B013-4048-B5C0-B9476B63BFCF}.Debug|x64.ActiveCfg = Debug|Any CPU
		{E7AF887A-B013-4048-B5C0-B9476B63BFCF}.Debug|x64.Build.0 = Debug|Any CPU
		{E7AF887A-B013-4048-B5C0-B9476B63BFCF}.Debug|x86.ActiveCfg = Debug|Any CPU
		{E7AF887A-B013-4048-B5C0-B9476B63BFCF}.Debug|x86.Build.0 = Debug|Any CPU
		{E7AF887A-B013-4048-B5C0-B9476B63BFCF}.Release|Any CPU.ActiveCfg = Release|Any CPU
		{E7AF887A-B013-4048-B5C0-B9476B63BFCF}.Release|Any CPU.Build.0 = Release|Any CPU
		{E7AF887A-B013-4048-B5C0-B9476B63BFCF}.Release|x64.ActiveCfg = Release|Any CPU
		{E7AF887A-B013-4048-B5C0-B9476B63BFCF}.Release|x64.Build.0 = Release|Any CPU
		{E7AF887A-B013-4048-B5C0-B9476B63BFCF}.Release|x86.ActiveCfg = Release|Any CPU
		{E7AF887A-B013-4048-B5C0-B9476B63BFCF}.Release|x86.Build.0 = Release|Any CPU
		{46566CBA-66A0-44ED-A8CA-751F5AD0156B}.Debug|Any CPU.ActiveCfg = Debug|Any CPU
		{46566CBA-66A0-44ED-A8CA-751F5AD0156B}.Debug|Any CPU.Build.0 = Debug|Any CPU
		{46566CBA-66A0-44ED-A8CA-751F5AD0156B}.Debug|x64.ActiveCfg = Debug|Any CPU
		{46566CBA-66A0-44ED-A8CA-751F5AD0156B}.Debug|x64.Build.0 = Debug|Any CPU
		{46566CBA-66A0-44ED-A8CA-751F5AD0156B}.Debug|x86.ActiveCfg = Debug|Any CPU
		{46566CBA-66A0-44ED-A8CA-751F5AD0156B}.Debug|x86.Build.0 = Debug|Any CPU
		{46566CBA-66A0-44ED-A8CA-751F5AD0156B}.Release|Any CPU.ActiveCfg = Release|Any CPU
		{46566CBA-66A0-44ED-A8CA-751F5AD0156B}.Release|Any CPU.Build.0 = Release|Any CPU
		{46566CBA-66A0-44ED-A8CA-751F5AD0156B}.Release|x64.ActiveCfg = Release|Any CPU
		{46566CBA-66A0-44ED-A8CA-751F5AD0156B}.Release|x64.Build.0 = Release|Any CPU
		{46566CBA-66A0-44ED-A8CA-751F5AD0156B}.Release|x86.ActiveCfg = Release|Any CPU
		{46566CBA-66A0-44ED-A8CA-751F5AD0156B}.Release|x86.Build.0 = Release|Any CPU
		{D8989B31-6C5B-43CC-BE49-EE35101D0F06}.Debug|Any CPU.ActiveCfg = Debug|Any CPU
		{D8989B31-6C5B-43CC-BE49-EE35101D0F06}.Debug|Any CPU.Build.0 = Debug|Any CPU
		{D8989B31-6C5B-43CC-BE49-EE35101D0F06}.Debug|x64.ActiveCfg = Debug|Any CPU
		{D8989B31-6C5B-43CC-BE49-EE35101D0F06}.Debug|x64.Build.0 = Debug|Any CPU
		{D8989B31-6C5B-43CC-BE49-EE35101D0F06}.Debug|x86.ActiveCfg = Debug|Any CPU
		{D8989B31-6C5B-43CC-BE49-EE35101D0F06}.Debug|x86.Build.0 = Debug|Any CPU
		{D8989B31-6C5B-43CC-BE49-EE35101D0F06}.Release|Any CPU.ActiveCfg = Release|Any CPU
		{D8989B31-6C5B-43CC-BE49-EE35101D0F06}.Release|Any CPU.Build.0 = Release|Any CPU
		{D8989B31-6C5B-43CC-BE49-EE35101D0F06}.Release|x64.ActiveCfg = Release|Any CPU
		{D8989B31-6C5B-43CC-BE49-EE35101D0F06}.Release|x64.Build.0 = Release|Any CPU
		{D8989B31-6C5B-43CC-BE49-EE35101D0F06}.Release|x86.ActiveCfg = Release|Any CPU
		{D8989B31-6C5B-43CC-BE49-EE35101D0F06}.Release|x86.Build.0 = Release|Any CPU
	EndGlobalSection
	GlobalSection(SolutionProperties) = preSolution
		HideSolutionNode = FALSE
	EndGlobalSection
	GlobalSection(NestedProjects) = preSolution
		{984BB9B3-3FA3-BE33-9484-CAC21695A33C} = {827E0CD3-B72D-47B6-A68D-7590B98EB39B}
		{7141588F-CCB5-326E-12A9-9FE7F3316E3D} = {984BB9B3-3FA3-BE33-9484-CAC21695A33C}
		{27719F96-68E6-4FD4-A74F-D14561F14215} = {7141588F-CCB5-326E-12A9-9FE7F3316E3D}
		{DB7CD3EE-DEC1-4035-A0AE-50D1ECBDAC7E} = {7141588F-CCB5-326E-12A9-9FE7F3316E3D}
		{5C8FFA19-06DC-4265-899A-BEC174C93D0B} = {7141588F-CCB5-326E-12A9-9FE7F3316E3D}
		{612CB5A4-A17F-1BE0-43EE-62D1DE377569} = {984BB9B3-3FA3-BE33-9484-CAC21695A33C}
		{96B99F16-6ED1-450E-B79A-46C5A7EDBA92} = {612CB5A4-A17F-1BE0-43EE-62D1DE377569}
		{E158E155-BAE9-40D0-B5BD-0A2AD84662D8} = {612CB5A4-A17F-1BE0-43EE-62D1DE377569}
		{79629D61-D28B-4E74-A871-F4E741F8F498} = {612CB5A4-A17F-1BE0-43EE-62D1DE377569}
		{6A1CFB9B-6E73-4DCE-AE6A-5ED35231D18F} = {612CB5A4-A17F-1BE0-43EE-62D1DE377569}
		{C8E42992-5E42-0C2B-DBFE-AA848D06431C} = {827E0CD3-B72D-47B6-A68D-7590B98EB39B}
		{429D77C3-68F7-4543-855E-28D4BEED0E5B} = {C8E42992-5E42-0C2B-DBFE-AA848D06431C}
		{AAAE483B-6E4B-59BA-3B90-63B50DACB559} = {0AB3BF05-4346-4AA6-1389-037BE0695223}
		{359367BF-E91A-4C8B-BCB8-A53E5FB4BAA5} = {AAAE483B-6E4B-59BA-3B90-63B50DACB559}
		{3430958E-5E7D-4C8D-B583-D20D5215F930} = {AAAE483B-6E4B-59BA-3B90-63B50DACB559}
		{431B15A2-B401-ECE0-8EC8-F4AB42EA5125} = {0AB3BF05-4346-4AA6-1389-037BE0695223}
		{2E70C546-E892-4977-B261-419821C5ED03} = {431B15A2-B401-ECE0-8EC8-F4AB42EA5125}
		{5747F0ED-14ED-4428-898E-99FC56F8FF72} = {431B15A2-B401-ECE0-8EC8-F4AB42EA5125}
		{E7AF887A-B013-4048-B5C0-B9476B63BFCF} = {7141588F-CCB5-326E-12A9-9FE7F3316E3D}
		{46566CBA-66A0-44ED-A8CA-751F5AD0156B} = {612CB5A4-A17F-1BE0-43EE-62D1DE377569}
		{D8989B31-6C5B-43CC-BE49-EE35101D0F06} = {7141588F-CCB5-326E-12A9-9FE7F3316E3D}
	EndGlobalSection
	GlobalSection(ExtensibilityGlobals) = postSolution
		SolutionGuid = {1334F79E-90A9-432A-A76E-A11BD979AEF8}
	EndGlobalSection
EndGlobal
